
Microsoft Visual Studio Solution File, Format Version 12.00
# Visual Studio Version 17
VisualStudioVersion = 17.7.34221.43
MinimumVisualStudioVersion = 10.0.40219.1
Project("{9A19103F-16F7-4668-BE54-9A1E7A4F7556}") = "WeatherApp", "WeatherApp\WeatherApp.csproj", "{144CCEDD-C55A-4B57-91C3-C5989D1732CF}"
	ProjectSection(ProjectDependencies) = postProject
		{897293E1-2D00-4BFC-B7E2-D7CD2B698131} = {897293E1-2D00-4BFC-B7E2-D7CD2B698131}
	EndProjectSection
EndProject
Project("{FAE04EC0-301F-11D3-BF4B-00C04F79EFBC}") = "WeatherAppAuthentication", "WeatherAppAuthentication\WeatherAppAuthentication\WeatherAppAuthentication.csproj", "{897293E1-2D00-4BFC-B7E2-D7CD2B698131}"
EndProject
Project("{FAE04EC0-301F-11D3-BF4B-00C04F79EFBC}") = "DAL", "WeatherAppAuthentication\DAL\DAL.csproj", "{359CBBB4-A75B-4ED3-B59D-EA530F47F75B}"
EndProject
Global
	GlobalSection(SolutionConfigurationPlatforms) = preSolution
		Debug|Any CPU = Debug|Any CPU
		Release|Any CPU = Release|Any CPU
	EndGlobalSection
	GlobalSection(ProjectConfigurationPlatforms) = postSolution
		{144CCEDD-C55A-4B57-91C3-C5989D1732CF}.Debug|Any CPU.ActiveCfg = Debug|Any CPU
		{144CCEDD-C55A-4B57-91C3-C5989D1732CF}.Debug|Any CPU.Build.0 = Debug|Any CPU
		{144CCEDD-C55A-4B57-91C3-C5989D1732CF}.Debug|Any CPU.Deploy.0 = Debug|Any CPU
		{144CCEDD-C55A-4B57-91C3-C5989D1732CF}.Release|Any CPU.ActiveCfg = Release|Any CPU
		{144CCEDD-C55A-4B57-91C3-C5989D1732CF}.Release|Any CPU.Build.0 = Release|Any CPU
		{144CCEDD-C55A-4B57-91C3-C5989D1732CF}.Release|Any CPU.Deploy.0 = Release|Any CPU
		{897293E1-2D00-4BFC-B7E2-D7CD2B698131}.Debug|Any CPU.ActiveCfg = Debug|Any CPU
		{897293E1-2D00-4BFC-B7E2-D7CD2B698131}.Debug|Any CPU.Build.0 = Debug|Any CPU
		{897293E1-2D00-4BFC-B7E2-D7CD2B698131}.Release|Any CPU.ActiveCfg = Release|Any CPU
		{897293E1-2D00-4BFC-B7E2-D7CD2B698131}.Release|Any CPU.Build.0 = Release|Any CPU
		{359CBBB4-A75B-4ED3-B59D-EA530F47F75B}.Debug|Any CPU.ActiveCfg = Debug|Any CPU
		{359CBBB4-A75B-4ED3-B59D-EA530F47F75B}.Debug|Any CPU.Build.0 = Debug|Any CPU
		{359CBBB4-A75B-4ED3-B59D-EA530F47F75B}.Release|Any CPU.ActiveCfg = Release|Any CPU
		{359CBBB4-A75B-4ED3-B59D-EA530F47F75B}.Release|Any CPU.Build.0 = Release|Any CPU
	EndGlobalSection
	GlobalSection(SolutionProperties) = preSolution
		HideSolutionNode = FALSE
	EndGlobalSection
	GlobalSection(ExtensibilityGlobals) = postSolution
		SolutionGuid = {A564CA41-0788-4D2D-8B0C-C7275249F57E}
	EndGlobalSection
EndGlobal
